
Microsoft Visual Studio Solution File, Format Version 12.00
# Visual Studio 2013
VisualStudioVersion = 12.0.21005.1
MinimumVisualStudioVersion = 10.0.40219.1
Project("{FAE04EC0-301F-11D3-BF4B-00C04F79EFBC}") = "Core.DataBaseHelper", "Core.DataBaseHelper\Core.DataBaseHelper.csproj", "{81B932B5-A2A2-4A93-96AC-BAB1D8D1AE03}"
EndProject
Project("{FAE04EC0-301F-11D3-BF4B-00C04F79EFBC}") = "Core.DotNetExtension", "Core.NetExtension\Core.DotNetExtension.csproj", "{22814F6E-30C5-46C5-8EC0-6D3235C5465E}"
EndProject
Project("{FAE04EC0-301F-11D3-BF4B-00C04F79EFBC}") = "Core.ProjectHelper", "Core.ProjectHelper\Core.ProjectHelper.csproj", "{736B5CC1-A25E-41D7-856B-BFBFE355A6E3}"
EndProject
Project("{FAE04EC0-301F-11D3-BF4B-00C04F79EFBC}") = "Core.LogWriteHelper", "Core.LogWriteHelper\Core.LogWriteHelper.csproj", "{D6EF0740-4302-456F-85E3-529B9A1F6424}"
EndProject
Project("{FAE04EC0-301F-11D3-BF4B-00C04F79EFBC}") = "Core.ExceptionDefine", "Core.ExceptDefine\Core.ExceptionDefine.csproj", "{DD1594F2-163E-43C9-B9CB-8E88C27D24F5}"
EndProject
Global
	GlobalSection(TeamFoundationVersionControl) = preSolution
		SccNumberOfProjects = 5
		SccEnterpriseProvider = {4CA58AB2-18FA-4F8D-95D4-32DDF27D184C}
		SccTeamFoundationServer = http://www.fly.idv.tw:8080/tfs/020_jcin
		SccProjectUniqueName0 = Core.DataBaseHelper\\Core.DataBaseHelper.csproj
		SccProjectName0 = Core.DataBaseHelper
		SccAuxPath0 = http://www.fly.idv.tw:8080/tfs/020_jcin
		SccLocalPath0 = Core.DataBaseHelper
		SccProvider0 = {4CA58AB2-18FA-4F8D-95D4-32DDF27D184C}
		SccProjectUniqueName1 = Core.NetExtension\\Core.DotNetExtension.csproj
		SccProjectName1 = Core.NetExtension
		SccAuxPath1 = http://www.fly.idv.tw:8080/tfs/020_jcin
		SccLocalPath1 = Core.NetExtension
		SccProvider1 = {4CA58AB2-18FA-4F8D-95D4-32DDF27D184C}
		SccProjectUniqueName2 = Core.ProjectHelper\\Core.ProjectHelper.csproj
		SccProjectName2 = Core.ProjectHelper
		SccAuxPath2 = http://www.fly.idv.tw:8080/tfs/020_jcin
		SccLocalPath2 = Core.ProjectHelper
		SccProvider2 = {4CA58AB2-18FA-4F8D-95D4-32DDF27D184C}
		SccProjectUniqueName3 = Core.LogWriteHelper\\Core.LogWriteHelper.csproj
		SccProjectName3 = Core.LogWriteHelper
		SccAuxPath3 = http://www.fly.idv.tw:8080/tfs/020_jcin
		SccLocalPath3 = Core.LogWriteHelper
		SccProvider3 = {4CA58AB2-18FA-4F8D-95D4-32DDF27D184C}
		SccProjectUniqueName4 = Core.ExceptDefine\\Core.ExceptionDefine.csproj
		SccProjectName4 = Core.ExceptDefine
		SccAuxPath4 = http://www.fly.idv.tw:8080/tfs/020_jcin
		SccLocalPath4 = Core.ExceptDefine
		SccProvider4 = {4CA58AB2-18FA-4F8D-95D4-32DDF27D184C}
	EndGlobalSection
	GlobalSection(SolutionConfigurationPlatforms) = preSolution
		Debug|Any CPU = Debug|Any CPU
		Release|Any CPU = Release|Any CPU
	EndGlobalSection
	GlobalSection(ProjectConfigurationPlatforms) = postSolution
		{81B932B5-A2A2-4A93-96AC-BAB1D8D1AE03}.Debug|Any CPU.ActiveCfg = Debug|Any CPU
		{81B932B5-A2A2-4A93-96AC-BAB1D8D1AE03}.Debug|Any CPU.Build.0 = Debug|Any CPU
		{81B932B5-A2A2-4A93-96AC-BAB1D8D1AE03}.Release|Any CPU.ActiveCfg = Release|Any CPU
		{81B932B5-A2A2-4A93-96AC-BAB1D8D1AE03}.Release|Any CPU.Build.0 = Release|Any CPU
		{22814F6E-30C5-46C5-8EC0-6D3235C5465E}.Debug|Any CPU.ActiveCfg = Debug|Any CPU
		{22814F6E-30C5-46C5-8EC0-6D3235C5465E}.Debug|Any CPU.Build.0 = Debug|Any CPU
		{22814F6E-30C5-46C5-8EC0-6D3235C5465E}.Release|Any CPU.ActiveCfg = Release|Any CPU
		{22814F6E-30C5-46C5-8EC0-6D3235C5465E}.Release|Any CPU.Build.0 = Release|Any CPU
		{736B5CC1-A25E-41D7-856B-BFBFE355A6E3}.Debug|Any CPU.ActiveCfg = Debug|Any CPU
		{736B5CC1-A25E-41D7-856B-BFBFE355A6E3}.Debug|Any CPU.Build.0 = Debug|Any CPU
		{736B5CC1-A25E-41D7-856B-BFBFE355A6E3}.Release|Any CPU.ActiveCfg = Release|Any CPU
		{736B5CC1-A25E-41D7-856B-BFBFE355A6E3}.Release|Any CPU.Build.0 = Release|Any CPU
		{D6EF0740-4302-456F-85E3-529B9A1F6424}.Debug|Any CPU.ActiveCfg = Debug|Any CPU
		{D6EF0740-4302-456F-85E3-529B9A1F6424}.Debug|Any CPU.Build.0 = Debug|Any CPU
		{D6EF0740-4302-456F-85E3-529B9A1F6424}.Release|Any CPU.ActiveCfg = Release|Any CPU
		{D6EF0740-4302-456F-85E3-529B9A1F6424}.Release|Any CPU.Build.0 = Release|Any CPU
		{DD1594F2-163E-43C9-B9CB-8E88C27D24F5}.Debug|Any CPU.ActiveCfg = Debug|Any CPU
		{DD1594F2-163E-43C9-B9CB-8E88C27D24F5}.Debug|Any CPU.Build.0 = Debug|Any CPU
		{DD1594F2-163E-43C9-B9CB-8E88C27D24F5}.Release|Any CPU.ActiveCfg = Release|Any CPU
		{DD1594F2-163E-43C9-B9CB-8E88C27D24F5}.Release|Any CPU.Build.0 = Release|Any CPU
	EndGlobalSection
	GlobalSection(SolutionProperties) = preSolution
		HideSolutionNode = FALSE
	EndGlobalSection
EndGlobal
